
Microsoft Visual Studio Solution File, Format Version 12.00
# Visual Studio Version 16
VisualStudioVersion = 16.0.29709.97
MinimumVisualStudioVersion = 10.0.40219.1
Project("{FAE04EC0-301F-11D3-BF4B-00C04F79EFBC}") = "Lab10MovieList", "Lab10MovieList\Lab10MovieList.csproj", "{BC2FBD91-F82D-4082-9F4F-FF809F7ED97A}"
EndProject
Global
	GlobalSection(SolutionConfigurationPlatforms) = preSolution
		Debug|Any CPU = Debug|Any CPU
		Release|Any CPU = Release|Any CPU
	EndGlobalSection
	GlobalSection(ProjectConfigurationPlatforms) = postSolution
		{BC2FBD91-F82D-4082-9F4F-FF809F7ED97A}.Debug|Any CPU.ActiveCfg = Debug|Any CPU
		{BC2FBD91-F82D-4082-9F4F-FF809F7ED97A}.Debug|Any CPU.Build.0 = Debug|Any CPU
		{BC2FBD91-F82D-4082-9F4F-FF809F7ED97A}.Release|Any CPU.ActiveCfg = Release|Any CPU
		{BC2FBD91-F82D-4082-9F4F-FF809F7ED97A}.Release|Any CPU.Build.0 = Release|Any CPU
	EndGlobalSection
	GlobalSection(SolutionProperties) = preSolution
		HideSolutionNode = FALSE
	EndGlobalSection
	GlobalSection(ExtensibilityGlobals) = postSolution
		SolutionGuid = {9AE0CE47-8C5F-464E-98C0-54F79C0FD594}
	EndGlobalSection
EndGlobal
